
Microsoft Visual Studio Solution File, Format Version 12.00
# Visual Studio Version 17
VisualStudioVersion = 17.4.33110.190
MinimumVisualStudioVersion = 10.0.40219.1
Project("{FAE04EC0-301F-11D3-BF4B-00C04F79EFBC}") = "Lab1ConsoleApp", "Lab1ConsoleApp\Lab1ConsoleApp.csproj", "{BE680AC5-8C2D-4536-95A3-44ED096EB60E}"
EndProject
Global
	GlobalSection(SolutionConfigurationPlatforms) = preSolution
		Debug|Any CPU = Debug|Any CPU
		Release|Any CPU = Release|Any CPU
	EndGlobalSection
	GlobalSection(ProjectConfigurationPlatforms) = postSolution
		{BE680AC5-8C2D-4536-95A3-44ED096EB60E}.Debug|Any CPU.ActiveCfg = Debug|Any CPU
		{BE680AC5-8C2D-4536-95A3-44ED096EB60E}.Debug|Any CPU.Build.0 = Debug|Any CPU
		{BE680AC5-8C2D-4536-95A3-44ED096EB60E}.Release|Any CPU.ActiveCfg = Release|Any CPU
		{BE680AC5-8C2D-4536-95A3-44ED096EB60E}.Release|Any CPU.Build.0 = Release|Any CPU
	EndGlobalSection
	GlobalSection(SolutionProperties) = preSolution
		HideSolutionNode = FALSE
	EndGlobalSection
	GlobalSection(ExtensibilityGlobals) = postSolution
		SolutionGuid = {14D17986-4BFE-4728-AE7F-24DF5CDF6C9A}
	EndGlobalSection
EndGlobal
